Microsoft Visual Studio Solution File, Format Version 11.00
# Visual Studio 2008

Project("{1E62F0D0-7360-CD89-14C1-515D51936539}") = "Bobble Wars", "Assembly-CSharp.csproj", "{739B43DE-1718-FA58-404F-70D25532CF98}"
EndProject
Global
	GlobalSection(SolutionConfigurationPlatforms) = preSolution
		Debug|Any CPU = Debug|Any CPU
		Release|Any CPU = Release|Any CPU
	EndGlobalSection
	GlobalSection(ProjectConfigurationPlatforms) = postSolution
		{739B43DE-1718-FA58-404F-70D25532CF98}.Debug|Any CPU.ActiveCfg = Debug|Any CPU
		{739B43DE-1718-FA58-404F-70D25532CF98}.Debug|Any CPU.Build.0 = Debug|Any CPU
		{739B43DE-1718-FA58-404F-70D25532CF98}.Release|Any CPU.ActiveCfg = Release|Any CPU
		{739B43DE-1718-FA58-404F-70D25532CF98}.Release|Any CPU.Build.0 = Release|Any CPU
	EndGlobalSection
	GlobalSection(SolutionProperties) = preSolution
		HideSolutionNode = FALSE
	EndGlobalSection
	GlobalSection(MonoDevelopProperties) = preSolution
		StartupItem = Assembly-CSharp.csproj
	EndGlobalSection
EndGlobal
